
Microsoft Visual Studio Solution File, Format Version 12.00
# Visual Studio Version 17
VisualStudioVersion = 17.9.34622.214
MinimumVisualStudioVersion = 10.0.40219.1
Project("{FAE04EC0-301F-11D3-BF4B-00C04F79EFBC}") = "PgDump", "PgDump\PgDump.csproj", "{895ECB6D-18A1-4D71-96C2-D421BC289F4A}"
EndProject
Global
	GlobalSection(SolutionConfigurationPlatforms) = preSolution
		Debug|Any CPU = Debug|Any CPU
		Release|Any CPU = Release|Any CPU
	EndGlobalSection
	GlobalSection(ProjectConfigurationPlatforms) = postSolution
		{895ECB6D-18A1-4D71-96C2-D421BC289F4A}.Debug|Any CPU.ActiveCfg = Debug|Any CPU
		{895ECB6D-18A1-4D71-96C2-D421BC289F4A}.Debug|Any CPU.Build.0 = Debug|Any CPU
		{895ECB6D-18A1-4D71-96C2-D421BC289F4A}.Release|Any CPU.ActiveCfg = Release|Any CPU
		{895ECB6D-18A1-4D71-96C2-D421BC289F4A}.Release|Any CPU.Build.0 = Release|Any CPU
	EndGlobalSection
	GlobalSection(SolutionProperties) = preSolution
		HideSolutionNode = FALSE
	EndGlobalSection
	GlobalSection(ExtensibilityGlobals) = postSolution
		SolutionGuid = {DB506EC9-6681-4A02-8CF9-EFB072A42D0A}
	EndGlobalSection
EndGlobal
